
Microsoft Visual Studio Solution File, Format Version 12.00
# Visual Studio 15
VisualStudioVersion = 15.0.28010.2036
MinimumVisualStudioVersion = 10.0.40219.1
Project("{FAE04EC0-301F-11D3-BF4B-00C04F79EFBC}") = "GrandCircusLab9", "GrandCircusLab9\GrandCircusLab9.csproj", "{4173B220-AA5C-4F7F-BB59-4DC8389984BE}"
EndProject
Global
	GlobalSection(SolutionConfigurationPlatforms) = preSolution
		Debug|Any CPU = Debug|Any CPU
		Release|Any CPU = Release|Any CPU
	EndGlobalSection
	GlobalSection(ProjectConfigurationPlatforms) = postSolution
		{4173B220-AA5C-4F7F-BB59-4DC8389984BE}.Debug|Any CPU.ActiveCfg = Debug|Any CPU
		{4173B220-AA5C-4F7F-BB59-4DC8389984BE}.Debug|Any CPU.Build.0 = Debug|Any CPU
		{4173B220-AA5C-4F7F-BB59-4DC8389984BE}.Release|Any CPU.ActiveCfg = Release|Any CPU
		{4173B220-AA5C-4F7F-BB59-4DC8389984BE}.Release|Any CPU.Build.0 = Release|Any CPU
	EndGlobalSection
	GlobalSection(SolutionProperties) = preSolution
		HideSolutionNode = FALSE
	EndGlobalSection
	GlobalSection(ExtensibilityGlobals) = postSolution
		SolutionGuid = {DFF249D5-310D-4637-A857-D4F0BA14F063}
	EndGlobalSection
EndGlobal
